
Microsoft Visual Studio Solution File, Format Version 12.00
# Visual Studio 15
VisualStudioVersion = 15.0.28307.106
MinimumVisualStudioVersion = 10.0.40219.1
Project("{FAE04EC0-301F-11D3-BF4B-00C04F79EFBC}") = "03类型转换", "03类型转换\03类型转换.csproj", "{7DBEE1AF-292E-4E5F-B1EA-D6B155697D5A}"
EndProject
Project("{FAE04EC0-301F-11D3-BF4B-00C04F79EFBC}") = "04断点调试", "04断点调试\04断点调试.csproj", "{07E83A9B-4C0C-4C66-89B3-6ECD9463119B}"
EndProject
Project("{FAE04EC0-301F-11D3-BF4B-00C04F79EFBC}") = "05三元表达式", "05三元表达式\05三元表达式.csproj", "{A4A2D6FB-B83C-43B2-9B9F-AC2C6CEBA5CE}"
EndProject
Project("{FAE04EC0-301F-11D3-BF4B-00C04F79EFBC}") = "06枚举", "06枚举\06枚举.csproj", "{9772CDEF-E993-4774-865E-E210998F7EE3}"
EndProject
Project("{FAE04EC0-301F-11D3-BF4B-00C04F79EFBC}") = "07枚举与int以及string之间的转换", "07枚举与int以及string之间的转换\07枚举与int以及string之间的转换.csproj", "{DAC1E766-B6C2-4901-BE67-6F3194275109}"
EndProject
Project("{FAE04EC0-301F-11D3-BF4B-00C04F79EFBC}") = "07结构", "07结构\07结构.csproj", "{757B94CD-10A6-4824-A443-B077C92B3931}"
EndProject
Project("{FAE04EC0-301F-11D3-BF4B-00C04F79EFBC}") = "07结构练习", "07结构练习\07结构练习.csproj", "{D34B68AB-7A55-4320-9A41-4DE1AAC4484F}"
EndProject
Project("{FAE04EC0-301F-11D3-BF4B-00C04F79EFBC}") = "08数组", "08数组\08数组.csproj", "{C4DC5065-6307-4DD8-8223-E6C473E7237F}"
EndProject
Project("{FAE04EC0-301F-11D3-BF4B-00C04F79EFBC}") = "09方法", "09方法\09方法.csproj", "{2408B87B-684D-4544-8FDD-1FB354CEB102}"
EndProject
Project("{FAE04EC0-301F-11D3-BF4B-00C04F79EFBC}") = "09方法的调用", "09方法的调用\09方法的调用.csproj", "{5A436E34-1999-47A1-B171-D416EC8B11E7}"
EndProject
Project("{FAE04EC0-301F-11D3-BF4B-00C04F79EFBC}") = "09方法的两个练习", "09方法的两个练习\09方法的两个练习.csproj", "{F639E081-1204-492E-9C51-0727F2BC51D7}"
EndProject
Project("{FAE04EC0-301F-11D3-BF4B-00C04F79EFBC}") = "10Out参数", "10Out参数\10Out参数.csproj", "{E032926C-E1D8-4F85-91AE-97CA4B7DC8BB}"
EndProject
Project("{FAE04EC0-301F-11D3-BF4B-00C04F79EFBC}") = "10_手动写tryParse", "10_手动写tryParse\10_手动写tryParse.csproj", "{EDEC1A0B-8A81-4747-BF1E-FA4951C36DCA}"
EndProject
Project("{FAE04EC0-301F-11D3-BF4B-00C04F79EFBC}") = "11ref_参数", "11ref_参数\11ref_参数.csproj", "{3C949147-6EEB-4E3C-A8FD-84B166D0A36F}"
EndProject
Project("{FAE04EC0-301F-11D3-BF4B-00C04F79EFBC}") = "12Params可变参数", "12Params可变参数\12Params可变参数.csproj", "{FDC064ED-86F5-4AB3-B56A-7FFE425E539F}"
EndProject
Project("{FAE04EC0-301F-11D3-BF4B-00C04F79EFBC}") = "13方法练习", "13方法练习\13方法练习.csproj", "{B952BE4F-5406-4BD7-B5BF-194985338F5E}"
EndProject
Project("{FAE04EC0-301F-11D3-BF4B-00C04F79EFBC}") = "13方法练习02", "13方法练习02\13方法练习02.csproj", "{34D07E24-A38B-4FEA-AFD9-CE529BAD95B9}"
EndProject
Project("{FAE04EC0-301F-11D3-BF4B-00C04F79EFBC}") = "14飞行棋", "14飞行棋\14飞行棋.csproj", "{27099C80-F1FA-4130-91B7-44895B5D54B8}"
EndProject
Project("{FAE04EC0-301F-11D3-BF4B-00C04F79EFBC}") = "15面向对象01", "15面向对象01\15面向对象01.csproj", "{5CFAC1B0-A281-40DF-B2FA-9FD4143B0158}"
EndProject
Project("{FAE04EC0-301F-11D3-BF4B-00C04F79EFBC}") = "16字符串", "16字符串\16字符串.csproj", "{FBC29D44-3F63-4B85-9D86-E9C89DC91F7A}"
EndProject
Project("{FAE04EC0-301F-11D3-BF4B-00C04F79EFBC}") = "17继承练习", "17继承练习\17继承练习.csproj", "{DB93A16D-5899-4C50-B71D-F94FB64A1CA1}"
EndProject
Project("{FAE04EC0-301F-11D3-BF4B-00C04F79EFBC}") = "18new关键字", "18new关键字\18new关键字.csproj", "{82C716BB-6427-467F-8F48-5E084D34B490}"
EndProject
Project("{FAE04EC0-301F-11D3-BF4B-00C04F79EFBC}") = "19里氏转换", "19里氏转换\19里氏转换.csproj", "{B821CF11-1734-4D01-829D-89219F4CB024}"
EndProject
Project("{FAE04EC0-301F-11D3-BF4B-00C04F79EFBC}") = "20里氏练习", "20里氏练习\20里氏练习.csproj", "{F16DC9A1-C38C-439B-903D-5E0AD095797F}"
EndProject
Project("{FAE04EC0-301F-11D3-BF4B-00C04F79EFBC}") = "20ArrayList集合", "20ArrayList集合\20ArrayList集合.csproj", "{B7A3F74F-6986-43D5-9E1E-5F4857DA88B2}"
EndProject
Project("{FAE04EC0-301F-11D3-BF4B-00C04F79EFBC}") = "21ArrayList集合长度问题", "21ArrayList集合长度问题\21ArrayList集合长度问题.csproj", "{9CCFC99A-A770-4FCD-8B84-9F3F80311CB0}"
EndProject
Project("{FAE04EC0-301F-11D3-BF4B-00C04F79EFBC}") = "22HashTable键值对", "22HashTable键值对\22HashTable键值对.csproj", "{050863B8-9439-463F-B4F8-DBF4E78B77B1}"
EndProject
Project("{FAE04EC0-301F-11D3-BF4B-00C04F79EFBC}") = "22简繁转换练习", "22简繁转换练习\22简繁转换练习.csproj", "{6738D8C3-D3F8-4913-9AFC-400D342CEF78}"
EndProject
Project("{FAE04EC0-301F-11D3-BF4B-00C04F79EFBC}") = "23Path类", "23Path类\23Path类.csproj", "{D799B3B1-F02C-4851-9F19-5BE65F825E57}"
EndProject
Project("{FAE04EC0-301F-11D3-BF4B-00C04F79EFBC}") = "24File类", "23File类\24File类.csproj", "{16527AE2-1556-4C60-B0B6-8BFA21801DE9}"
EndProject
Project("{FAE04EC0-301F-11D3-BF4B-00C04F79EFBC}") = "21List泛型集合", "21List泛型集合\21List泛型集合.csproj", "{CEBDBC7D-6256-43F9-93A4-31EFB9F45AB2}"
EndProject
Project("{FAE04EC0-301F-11D3-BF4B-00C04F79EFBC}") = "21拆箱装箱", "21拆箱装箱\21拆箱装箱.csproj", "{17787A72-490E-4B39-A776-5ECFAAB6C748}"
EndProject
Project("{FAE04EC0-301F-11D3-BF4B-00C04F79EFBC}") = "22Dictionary", "22Dictionary\22Dictionary.csproj", "{1F63CBAE-1D7B-40A8-A38F-B9063B67648E}"
EndProject
Project("{FAE04EC0-301F-11D3-BF4B-00C04F79EFBC}") = "22泛型集合练习", "22泛型集合练习\22泛型集合练习.csproj", "{F7CA1A25-8684-4572-B714-17919D791A6A}"
EndProject
Project("{FAE04EC0-301F-11D3-BF4B-00C04F79EFBC}") = "24FileStream文件流", "24FileStream文件流\24FileStream文件流.csproj", "{0D4BBCC5-8E90-45CC-AAA3-6E00984E419D}"
EndProject
Project("{FAE04EC0-301F-11D3-BF4B-00C04F79EFBC}") = "24FileStream媒体文件复制", "24FileStream媒体文件复制\24FileStream媒体文件复制.csproj", "{ACBA78A8-DE19-4498-BC05-778AB8B12CC2}"
EndProject
Project("{FAE04EC0-301F-11D3-BF4B-00C04F79EFBC}") = "24SreamReader和StreamWriter", "24SreamReader和StreamWriter\24SreamReader和StreamWriter.csproj", "{1B1A5646-F59B-4608-ADDD-433260A8DB52}"
EndProject
Project("{FAE04EC0-301F-11D3-BF4B-00C04F79EFBC}") = "25多态", "25多态\25多态.csproj", "{0D789F43-990D-4B4D-AF45-46CFC3AB27BB}"
EndProject
Project("{FAE04EC0-301F-11D3-BF4B-00C04F79EFBC}") = "25多态练习", "25多态练习\25多态练习.csproj", "{863475AF-A564-4AEF-9DD8-4EC4A2B7FBB7}"
EndProject
Project("{FAE04EC0-301F-11D3-BF4B-00C04F79EFBC}") = "25抽象类", "25抽象类\25抽象类.csproj", "{50358A41-2F09-429A-842D-4F14E8ABD235}"
EndProject
Project("{FAE04EC0-301F-11D3-BF4B-00C04F79EFBC}") = "25抽象类练习", "25抽象类练习\25抽象类练习.csproj", "{44CDD0B6-9E31-46A2-971C-3A0CC25C310F}"
EndProject
Project("{FAE04EC0-301F-11D3-BF4B-00C04F79EFBC}") = "25移动硬盘MP3U盘", "25移动硬盘MP3U盘\25移动硬盘MP3U盘.csproj", "{54B0E25F-F10A-458F-9E62-1EA555C6446B}"
EndProject
Global
	GlobalSection(SolutionConfigurationPlatforms) = preSolution
		Debug|Any CPU = Debug|Any CPU
		Release|Any CPU = Release|Any CPU
	EndGlobalSection
	GlobalSection(ProjectConfigurationPlatforms) = postSolution
		{7DBEE1AF-292E-4E5F-B1EA-D6B155697D5A}.Debug|Any CPU.ActiveCfg = Debug|Any CPU
		{7DBEE1AF-292E-4E5F-B1EA-D6B155697D5A}.Debug|Any CPU.Build.0 = Debug|Any CPU
		{7DBEE1AF-292E-4E5F-B1EA-D6B155697D5A}.Release|Any CPU.ActiveCfg = Release|Any CPU
		{7DBEE1AF-292E-4E5F-B1EA-D6B155697D5A}.Release|Any CPU.Build.0 = Release|Any CPU
		{07E83A9B-4C0C-4C66-89B3-6ECD9463119B}.Debug|Any CPU.ActiveCfg = Debug|Any CPU
		{07E83A9B-4C0C-4C66-89B3-6ECD9463119B}.Debug|Any CPU.Build.0 = Debug|Any CPU
		{07E83A9B-4C0C-4C66-89B3-6ECD9463119B}.Release|Any CPU.ActiveCfg = Release|Any CPU
		{07E83A9B-4C0C-4C66-89B3-6ECD9463119B}.Release|Any CPU.Build.0 = Release|Any CPU
		{A4A2D6FB-B83C-43B2-9B9F-AC2C6CEBA5CE}.Debug|Any CPU.ActiveCfg = Debug|Any CPU
		{A4A2D6FB-B83C-43B2-9B9F-AC2C6CEBA5CE}.Debug|Any CPU.Build.0 = Debug|Any CPU
		{A4A2D6FB-B83C-43B2-9B9F-AC2C6CEBA5CE}.Release|Any CPU.ActiveCfg = Release|Any CPU
		{A4A2D6FB-B83C-43B2-9B9F-AC2C6CEBA5CE}.Release|Any CPU.Build.0 = Release|Any CPU
		{9772CDEF-E993-4774-865E-E210998F7EE3}.Debug|Any CPU.ActiveCfg = Debug|Any CPU
		{9772CDEF-E993-4774-865E-E210998F7EE3}.Debug|Any CPU.Build.0 = Debug|Any CPU
		{9772CDEF-E993-4774-865E-E210998F7EE3}.Release|Any CPU.ActiveCfg = Release|Any CPU
		{9772CDEF-E993-4774-865E-E210998F7EE3}.Release|Any CPU.Build.0 = Release|Any CPU
		{DAC1E766-B6C2-4901-BE67-6F3194275109}.Debug|Any CPU.ActiveCfg = Debug|Any CPU
		{DAC1E766-B6C2-4901-BE67-6F3194275109}.Debug|Any CPU.Build.0 = Debug|Any CPU
		{DAC1E766-B6C2-4901-BE67-6F3194275109}.Release|Any CPU.ActiveCfg = Release|Any CPU
		{DAC1E766-B6C2-4901-BE67-6F3194275109}.Release|Any CPU.Build.0 = Release|Any CPU
		{757B94CD-10A6-4824-A443-B077C92B3931}.Debug|Any CPU.ActiveCfg = Debug|Any CPU
		{757B94CD-10A6-4824-A443-B077C92B3931}.Debug|Any CPU.Build.0 = Debug|Any CPU
		{757B94CD-10A6-4824-A443-B077C92B3931}.Release|Any CPU.ActiveCfg = Release|Any CPU
		{757B94CD-10A6-4824-A443-B077C92B3931}.Release|Any CPU.Build.0 = Release|Any CPU
		{D34B68AB-7A55-4320-9A41-4DE1AAC4484F}.Debug|Any CPU.ActiveCfg = Debug|Any CPU
		{D34B68AB-7A55-4320-9A41-4DE1AAC4484F}.Debug|Any CPU.Build.0 = Debug|Any CPU
		{D34B68AB-7A55-4320-9A41-4DE1AAC4484F}.Release|Any CPU.ActiveCfg = Release|Any CPU
		{D34B68AB-7A55-4320-9A41-4DE1AAC4484F}.Release|Any CPU.Build.0 = Release|Any CPU
		{C4DC5065-6307-4DD8-8223-E6C473E7237F}.Debug|Any CPU.ActiveCfg = Debug|Any CPU
		{C4DC5065-6307-4DD8-8223-E6C473E7237F}.Debug|Any CPU.Build.0 = Debug|Any CPU
		{C4DC5065-6307-4DD8-8223-E6C473E7237F}.Release|Any CPU.ActiveCfg = Release|Any CPU
		{C4DC5065-6307-4DD8-8223-E6C473E7237F}.Release|Any CPU.Build.0 = Release|Any CPU
		{2408B87B-684D-4544-8FDD-1FB354CEB102}.Debug|Any CPU.ActiveCfg = Debug|Any CPU
		{2408B87B-684D-4544-8FDD-1FB354CEB102}.Debug|Any CPU.Build.0 = Debug|Any CPU
		{2408B87B-684D-4544-8FDD-1FB354CEB102}.Release|Any CPU.ActiveCfg = Release|Any CPU
		{2408B87B-684D-4544-8FDD-1FB354CEB102}.Release|Any CPU.Build.0 = Release|Any CPU
		{5A436E34-1999-47A1-B171-D416EC8B11E7}.Debug|Any CPU.ActiveCfg = Debug|Any CPU
		{5A436E34-1999-47A1-B171-D416EC8B11E7}.Debug|Any CPU.Build.0 = Debug|Any CPU
		{5A436E34-1999-47A1-B171-D416EC8B11E7}.Release|Any CPU.ActiveCfg = Release|Any CPU
		{5A436E34-1999-47A1-B171-D416EC8B11E7}.Release|Any CPU.Build.0 = Release|Any CPU
		{F639E081-1204-492E-9C51-0727F2BC51D7}.Debug|Any CPU.ActiveCfg = Debug|Any CPU
		{F639E081-1204-492E-9C51-0727F2BC51D7}.Debug|Any CPU.Build.0 = Debug|Any CPU
		{F639E081-1204-492E-9C51-0727F2BC51D7}.Release|Any CPU.ActiveCfg = Release|Any CPU
		{F639E081-1204-492E-9C51-0727F2BC51D7}.Release|Any CPU.Build.0 = Release|Any CPU
		{E032926C-E1D8-4F85-91AE-97CA4B7DC8BB}.Debug|Any CPU.ActiveCfg = Debug|Any CPU
		{E032926C-E1D8-4F85-91AE-97CA4B7DC8BB}.Debug|Any CPU.Build.0 = Debug|Any CPU
		{E032926C-E1D8-4F85-91AE-97CA4B7DC8BB}.Release|Any CPU.ActiveCfg = Release|Any CPU
		{E032926C-E1D8-4F85-91AE-97CA4B7DC8BB}.Release|Any CPU.Build.0 = Release|Any CPU
		{EDEC1A0B-8A81-4747-BF1E-FA4951C36DCA}.Debug|Any CPU.ActiveCfg = Debug|Any CPU
		{EDEC1A0B-8A81-4747-BF1E-FA4951C36DCA}.Debug|Any CPU.Build.0 = Debug|Any CPU
		{EDEC1A0B-8A81-4747-BF1E-FA4951C36DCA}.Release|Any CPU.ActiveCfg = Release|Any CPU
		{EDEC1A0B-8A81-4747-BF1E-FA4951C36DCA}.Release|Any CPU.Build.0 = Release|Any CPU
		{3C949147-6EEB-4E3C-A8FD-84B166D0A36F}.Debug|Any CPU.ActiveCfg = Debug|Any CPU
		{3C949147-6EEB-4E3C-A8FD-84B166D0A36F}.Debug|Any CPU.Build.0 = Debug|Any CPU
		{3C949147-6EEB-4E3C-A8FD-84B166D0A36F}.Release|Any CPU.ActiveCfg = Release|Any CPU
		{3C949147-6EEB-4E3C-A8FD-84B166D0A36F}.Release|Any CPU.Build.0 = Release|Any CPU
		{FDC064ED-86F5-4AB3-B56A-7FFE425E539F}.Debug|Any CPU.ActiveCfg = Debug|Any CPU
		{FDC064ED-86F5-4AB3-B56A-7FFE425E539F}.Debug|Any CPU.Build.0 = Debug|Any CPU
		{FDC064ED-86F5-4AB3-B56A-7FFE425E539F}.Release|Any CPU.ActiveCfg = Release|Any CPU
		{FDC064ED-86F5-4AB3-B56A-7FFE425E539F}.Release|Any CPU.Build.0 = Release|Any CPU
		{B952BE4F-5406-4BD7-B5BF-194985338F5E}.Debug|Any CPU.ActiveCfg = Debug|Any CPU
		{B952BE4F-5406-4BD7-B5BF-194985338F5E}.Debug|Any CPU.Build.0 = Debug|Any CPU
		{B952BE4F-5406-4BD7-B5BF-194985338F5E}.Release|Any CPU.ActiveCfg = Release|Any CPU
		{B952BE4F-5406-4BD7-B5BF-194985338F5E}.Release|Any CPU.Build.0 = Release|Any CPU
		{34D07E24-A38B-4FEA-AFD9-CE529BAD95B9}.Debug|Any CPU.ActiveCfg = Debug|Any CPU
		{34D07E24-A38B-4FEA-AFD9-CE529BAD95B9}.Debug|Any CPU.Build.0 = Debug|Any CPU
		{34D07E24-A38B-4FEA-AFD9-CE529BAD95B9}.Release|Any CPU.ActiveCfg = Release|Any CPU
		{34D07E24-A38B-4FEA-AFD9-CE529BAD95B9}.Release|Any CPU.Build.0 = Release|Any CPU
		{27099C80-F1FA-4130-91B7-44895B5D54B8}.Debug|Any CPU.ActiveCfg = Debug|Any CPU
		{27099C80-F1FA-4130-91B7-44895B5D54B8}.Debug|Any CPU.Build.0 = Debug|Any CPU
		{27099C80-F1FA-4130-91B7-44895B5D54B8}.Release|Any CPU.ActiveCfg = Release|Any CPU
		{27099C80-F1FA-4130-91B7-44895B5D54B8}.Release|Any CPU.Build.0 = Release|Any CPU
		{5CFAC1B0-A281-40DF-B2FA-9FD4143B0158}.Debug|Any CPU.ActiveCfg = Debug|Any CPU
		{5CFAC1B0-A281-40DF-B2FA-9FD4143B0158}.Debug|Any CPU.Build.0 = Debug|Any CPU
		{5CFAC1B0-A281-40DF-B2FA-9FD4143B0158}.Release|Any CPU.ActiveCfg = Release|Any CPU
		{5CFAC1B0-A281-40DF-B2FA-9FD4143B0158}.Release|Any CPU.Build.0 = Release|Any CPU
		{FBC29D44-3F63-4B85-9D86-E9C89DC91F7A}.Debug|Any CPU.ActiveCfg = Debug|Any CPU
		{FBC29D44-3F63-4B85-9D86-E9C89DC91F7A}.Debug|Any CPU.Build.0 = Debug|Any CPU
		{FBC29D44-3F63-4B85-9D86-E9C89DC91F7A}.Release|Any CPU.ActiveCfg = Release|Any CPU
		{FBC29D44-3F63-4B85-9D86-E9C89DC91F7A}.Release|Any CPU.Build.0 = Release|Any CPU
		{DB93A16D-5899-4C50-B71D-F94FB64A1CA1}.Debug|Any CPU.ActiveCfg = Debug|Any CPU
		{DB93A16D-5899-4C50-B71D-F94FB64A1CA1}.Debug|Any CPU.Build.0 = Debug|Any CPU
		{DB93A16D-5899-4C50-B71D-F94FB64A1CA1}.Release|Any CPU.ActiveCfg = Release|Any CPU
		{DB93A16D-5899-4C50-B71D-F94FB64A1CA1}.Release|Any CPU.Build.0 = Release|Any CPU
		{82C716BB-6427-467F-8F48-5E084D34B490}.Debug|Any CPU.ActiveCfg = Debug|Any CPU
		{82C716BB-6427-467F-8F48-5E084D34B490}.Debug|Any CPU.Build.0 = Debug|Any CPU
		{82C716BB-6427-467F-8F48-5E084D34B490}.Release|Any CPU.ActiveCfg = Release|Any CPU
		{82C716BB-6427-467F-8F48-5E084D34B490}.Release|Any CPU.Build.0 = Release|Any CPU
		{B821CF11-1734-4D01-829D-89219F4CB024}.Debug|Any CPU.ActiveCfg = Debug|Any CPU
		{B821CF11-1734-4D01-829D-89219F4CB024}.Debug|Any CPU.Build.0 = Debug|Any CPU
		{B821CF11-1734-4D01-829D-89219F4CB024}.Release|Any CPU.ActiveCfg = Release|Any CPU
		{B821CF11-1734-4D01-829D-89219F4CB024}.Release|Any CPU.Build.0 = Release|Any CPU
		{F16DC9A1-C38C-439B-903D-5E0AD095797F}.Debug|Any CPU.ActiveCfg = Debug|Any CPU
		{F16DC9A1-C38C-439B-903D-5E0AD095797F}.Debug|Any CPU.Build.0 = Debug|Any CPU
		{F16DC9A1-C38C-439B-903D-5E0AD095797F}.Release|Any CPU.ActiveCfg = Release|Any CPU
		{F16DC9A1-C38C-439B-903D-5E0AD095797F}.Release|Any CPU.Build.0 = Release|Any CPU
		{B7A3F74F-6986-43D5-9E1E-5F4857DA88B2}.Debug|Any CPU.ActiveCfg = Debug|Any CPU
		{B7A3F74F-6986-43D5-9E1E-5F4857DA88B2}.Debug|Any CPU.Build.0 = Debug|Any CPU
		{B7A3F74F-6986-43D5-9E1E-5F4857DA88B2}.Release|Any CPU.ActiveCfg = Release|Any CPU
		{B7A3F74F-6986-43D5-9E1E-5F4857DA88B2}.Release|Any CPU.Build.0 = Release|Any CPU
		{9CCFC99A-A770-4FCD-8B84-9F3F80311CB0}.Debug|Any CPU.ActiveCfg = Debug|Any CPU
		{9CCFC99A-A770-4FCD-8B84-9F3F80311CB0}.Debug|Any CPU.Build.0 = Debug|Any CPU
		{9CCFC99A-A770-4FCD-8B84-9F3F80311CB0}.Release|Any CPU.ActiveCfg = Release|Any CPU
		{9CCFC99A-A770-4FCD-8B84-9F3F80311CB0}.Release|Any CPU.Build.0 = Release|Any CPU
		{050863B8-9439-463F-B4F8-DBF4E78B77B1}.Debug|Any CPU.ActiveCfg = Debug|Any CPU
		{050863B8-9439-463F-B4F8-DBF4E78B77B1}.Debug|Any CPU.Build.0 = Debug|Any CPU
		{050863B8-9439-463F-B4F8-DBF4E78B77B1}.Release|Any CPU.ActiveCfg = Release|Any CPU
		{050863B8-9439-463F-B4F8-DBF4E78B77B1}.Release|Any CPU.Build.0 = Release|Any CPU
		{6738D8C3-D3F8-4913-9AFC-400D342CEF78}.Debug|Any CPU.ActiveCfg = Debug|Any CPU
		{6738D8C3-D3F8-4913-9AFC-400D342CEF78}.Debug|Any CPU.Build.0 = Debug|Any CPU
		{6738D8C3-D3F8-4913-9AFC-400D342CEF78}.Release|Any CPU.ActiveCfg = Release|Any CPU
		{6738D8C3-D3F8-4913-9AFC-400D342CEF78}.Release|Any CPU.Build.0 = Release|Any CPU
		{D799B3B1-F02C-4851-9F19-5BE65F825E57}.Debug|Any CPU.ActiveCfg = Debug|Any CPU
		{D799B3B1-F02C-4851-9F19-5BE65F825E57}.Debug|Any CPU.Build.0 = Debug|Any CPU
		{D799B3B1-F02C-4851-9F19-5BE65F825E57}.Release|Any CPU.ActiveCfg = Release|Any CPU
		{D799B3B1-F02C-4851-9F19-5BE65F825E57}.Release|Any CPU.Build.0 = Release|Any CPU
		{16527AE2-1556-4C60-B0B6-8BFA21801DE9}.Debug|Any CPU.ActiveCfg = Debug|Any CPU
		{16527AE2-1556-4C60-B0B6-8BFA21801DE9}.Debug|Any CPU.Build.0 = Debug|Any CPU
		{16527AE2-1556-4C60-B0B6-8BFA21801DE9}.Release|Any CPU.ActiveCfg = Release|Any CPU
		{16527AE2-1556-4C60-B0B6-8BFA21801DE9}.Release|Any CPU.Build.0 = Release|Any CPU
		{CEBDBC7D-6256-43F9-93A4-31EFB9F45AB2}.Debug|Any CPU.ActiveCfg = Debug|Any CPU
		{CEBDBC7D-6256-43F9-93A4-31EFB9F45AB2}.Debug|Any CPU.Build.0 = Debug|Any CPU
		{CEBDBC7D-6256-43F9-93A4-31EFB9F45AB2}.Release|Any CPU.ActiveCfg = Release|Any CPU
		{CEBDBC7D-6256-43F9-93A4-31EFB9F45AB2}.Release|Any CPU.Build.0 = Release|Any CPU
		{17787A72-490E-4B39-A776-5ECFAAB6C748}.Debug|Any CPU.ActiveCfg = Debug|Any CPU
		{17787A72-490E-4B39-A776-5ECFAAB6C748}.Debug|Any CPU.Build.0 = Debug|Any CPU
		{17787A72-490E-4B39-A776-5ECFAAB6C748}.Release|Any CPU.ActiveCfg = Release|Any CPU
		{17787A72-490E-4B39-A776-5ECFAAB6C748}.Release|Any CPU.Build.0 = Release|Any CPU
		{1F63CBAE-1D7B-40A8-A38F-B9063B67648E}.Debug|Any CPU.ActiveCfg = Debug|Any CPU
		{1F63CBAE-1D7B-40A8-A38F-B9063B67648E}.Debug|Any CPU.Build.0 = Debug|Any CPU
		{1F63CBAE-1D7B-40A8-A38F-B9063B67648E}.Release|Any CPU.ActiveCfg = Release|Any CPU
		{1F63CBAE-1D7B-40A8-A38F-B9063B67648E}.Release|Any CPU.Build.0 = Release|Any CPU
		{F7CA1A25-8684-4572-B714-17919D791A6A}.Debug|Any CPU.ActiveCfg = Debug|Any CPU
		{F7CA1A25-8684-4572-B714-17919D791A6A}.Debug|Any CPU.Build.0 = Debug|Any CPU
		{F7CA1A25-8684-4572-B714-17919D791A6A}.Release|Any CPU.ActiveCfg = Release|Any CPU
		{F7CA1A25-8684-4572-B714-17919D791A6A}.Release|Any CPU.Build.0 = Release|Any CPU
		{0D4BBCC5-8E90-45CC-AAA3-6E00984E419D}.Debug|Any CPU.ActiveCfg = Debug|Any CPU
		{0D4BBCC5-8E90-45CC-AAA3-6E00984E419D}.Debug|Any CPU.Build.0 = Debug|Any CPU
		{0D4BBCC5-8E90-45CC-AAA3-6E00984E419D}.Release|Any CPU.ActiveCfg = Release|Any CPU
		{0D4BBCC5-8E90-45CC-AAA3-6E00984E419D}.Release|Any CPU.Build.0 = Release|Any CPU
		{ACBA78A8-DE19-4498-BC05-778AB8B12CC2}.Debug|Any CPU.ActiveCfg = Debug|Any CPU
		{ACBA78A8-DE19-4498-BC05-778AB8B12CC2}.Debug|Any CPU.Build.0 = Debug|Any CPU
		{ACBA78A8-DE19-4498-BC05-778AB8B12CC2}.Release|Any CPU.ActiveCfg = Release|Any CPU
		{ACBA78A8-DE19-4498-BC05-778AB8B12CC2}.Release|Any CPU.Build.0 = Release|Any CPU
		{1B1A5646-F59B-4608-ADDD-433260A8DB52}.Debug|Any CPU.ActiveCfg = Debug|Any CPU
		{1B1A5646-F59B-4608-ADDD-433260A8DB52}.Debug|Any CPU.Build.0 = Debug|Any CPU
		{1B1A5646-F59B-4608-ADDD-433260A8DB52}.Release|Any CPU.ActiveCfg = Release|Any CPU
		{1B1A5646-F59B-4608-ADDD-433260A8DB52}.Release|Any CPU.Build.0 = Release|Any CPU
		{0D789F43-990D-4B4D-AF45-46CFC3AB27BB}.Debug|Any CPU.ActiveCfg = Debug|Any CPU
		{0D789F43-990D-4B4D-AF45-46CFC3AB27BB}.Debug|Any CPU.Build.0 = Debug|Any CPU
		{0D789F43-990D-4B4D-AF45-46CFC3AB27BB}.Release|Any CPU.ActiveCfg = Release|Any CPU
		{0D789F43-990D-4B4D-AF45-46CFC3AB27BB}.Release|Any CPU.Build.0 = Release|Any CPU
		{863475AF-A564-4AEF-9DD8-4EC4A2B7FBB7}.Debug|Any CPU.ActiveCfg = Debug|Any CPU
		{863475AF-A564-4AEF-9DD8-4EC4A2B7FBB7}.Debug|Any CPU.Build.0 = Debug|Any CPU
		{863475AF-A564-4AEF-9DD8-4EC4A2B7FBB7}.Release|Any CPU.ActiveCfg = Release|Any CPU
		{863475AF-A564-4AEF-9DD8-4EC4A2B7FBB7}.Release|Any CPU.Build.0 = Release|Any CPU
		{50358A41-2F09-429A-842D-4F14E8ABD235}.Debug|Any CPU.ActiveCfg = Debug|Any CPU
		{50358A41-2F09-429A-842D-4F14E8ABD235}.Debug|Any CPU.Build.0 = Debug|Any CPU
		{50358A41-2F09-429A-842D-4F14E8ABD235}.Release|Any CPU.ActiveCfg = Release|Any CPU
		{50358A41-2F09-429A-842D-4F14E8ABD235}.Release|Any CPU.Build.0 = Release|Any CPU
		{44CDD0B6-9E31-46A2-971C-3A0CC25C310F}.Debug|Any CPU.ActiveCfg = Debug|Any CPU
		{44CDD0B6-9E31-46A2-971C-3A0CC25C310F}.Debug|Any CPU.Build.0 = Debug|Any CPU
		{44CDD0B6-9E31-46A2-971C-3A0CC25C310F}.Release|Any CPU.ActiveCfg = Release|Any CPU
		{44CDD0B6-9E31-46A2-971C-3A0CC25C310F}.Release|Any CPU.Build.0 = Release|Any CPU
		{54B0E25F-F10A-458F-9E62-1EA555C6446B}.Debug|Any CPU.ActiveCfg = Debug|Any CPU
		{54B0E25F-F10A-458F-9E62-1EA555C6446B}.Debug|Any CPU.Build.0 = Debug|Any CPU
		{54B0E25F-F10A-458F-9E62-1EA555C6446B}.Release|Any CPU.ActiveCfg = Release|Any CPU
		{54B0E25F-F10A-458F-9E62-1EA555C6446B}.Release|Any CPU.Build.0 = Release|Any CPU
	EndGlobalSection
	GlobalSection(SolutionProperties) = preSolution
		HideSolutionNode = FALSE
	EndGlobalSection
	GlobalSection(ExtensibilityGlobals) = postSolution
		SolutionGuid = {85EA9725-B605-4218-95E0-4A88D900FC5B}
	EndGlobalSection
EndGlobal
